
Microsoft Visual Studio Solution File, Format Version 12.00
# Visual Studio Version 16
VisualStudioVersion = 16.0.30804.86
MinimumVisualStudioVersion = 10.0.40219.1
Project("{FAE04EC0-301F-11D3-BF4B-00C04F79EFBC}") = "DolphinUpdater", "DolphinUpdater\DolphinUpdater.csproj", "{BA9FB5CF-655D-4A0A-B521-7D0AD745AAB0}"
EndProject
Global
	GlobalSection(SolutionConfigurationPlatforms) = preSolution
		Debug|Any CPU = Debug|Any CPU
		Release|Any CPU = Release|Any CPU
	EndGlobalSection
	GlobalSection(ProjectConfigurationPlatforms) = postSolution
		{BA9FB5CF-655D-4A0A-B521-7D0AD745AAB0}.Debug|Any CPU.ActiveCfg = Debug|Any CPU
		{BA9FB5CF-655D-4A0A-B521-7D0AD745AAB0}.Debug|Any CPU.Build.0 = Debug|Any CPU
		{BA9FB5CF-655D-4A0A-B521-7D0AD745AAB0}.Release|Any CPU.ActiveCfg = Release|Any CPU
		{BA9FB5CF-655D-4A0A-B521-7D0AD745AAB0}.Release|Any CPU.Build.0 = Release|Any CPU
	EndGlobalSection
	GlobalSection(SolutionProperties) = preSolution
		HideSolutionNode = FALSE
	EndGlobalSection
	GlobalSection(ExtensibilityGlobals) = postSolution
		SolutionGuid = {32DF063F-FE80-4B0E-8030-23695966E819}
	EndGlobalSection
EndGlobal
